
Microsoft Visual Studio Solution File, Format Version 12.00
# Visual Studio 15
VisualStudioVersion = 15.0.28307.329
MinimumVisualStudioVersion = 10.0.40219.1
Project("{FAE04EC0-301F-11D3-BF4B-00C04F79EFBC}") = "WindowsFormsApp7", "WindowsFormsApp7\WindowsFormsApp7.csproj", "{AA7CE9EB-D195-4FE8-84EE-35C0B9AC9611}"
EndProject
Global
	GlobalSection(SolutionConfigurationPlatforms) = preSolution
		Debug|Any CPU = Debug|Any CPU
		Release|Any CPU = Release|Any CPU
	EndGlobalSection
	GlobalSection(ProjectConfigurationPlatforms) = postSolution
		{AA7CE9EB-D195-4FE8-84EE-35C0B9AC9611}.Debug|Any CPU.ActiveCfg = Debug|Any CPU
		{AA7CE9EB-D195-4FE8-84EE-35C0B9AC9611}.Debug|Any CPU.Build.0 = Debug|Any CPU
		{AA7CE9EB-D195-4FE8-84EE-35C0B9AC9611}.Release|Any CPU.ActiveCfg = Release|Any CPU
		{AA7CE9EB-D195-4FE8-84EE-35C0B9AC9611}.Release|Any CPU.Build.0 = Release|Any CPU
	EndGlobalSection
	GlobalSection(SolutionProperties) = preSolution
		HideSolutionNode = FALSE
	EndGlobalSection
	GlobalSection(ExtensibilityGlobals) = postSolution
		SolutionGuid = {F694E0B6-DFBC-4602-B863-020AD4A5DCB7}
	EndGlobalSection
EndGlobal
