
Microsoft Visual Studio Solution File, Format Version 12.00
# Visual Studio 15
VisualStudioVersion = 15.0.28307.329
MinimumVisualStudioVersion = 10.0.40219.1
Project("{FAE04EC0-301F-11D3-BF4B-00C04F79EFBC}") = "WindowsFormsApp10", "WindowsFormsApp10\WindowsFormsApp10.csproj", "{4F63E3D8-3E45-4DC8-A6CB-00B9E8A312ED}"
EndProject
Global
	GlobalSection(SolutionConfigurationPlatforms) = preSolution
		Debug|Any CPU = Debug|Any CPU
		Release|Any CPU = Release|Any CPU
	EndGlobalSection
	GlobalSection(ProjectConfigurationPlatforms) = postSolution
		{4F63E3D8-3E45-4DC8-A6CB-00B9E8A312ED}.Debug|Any CPU.ActiveCfg = Debug|Any CPU
		{4F63E3D8-3E45-4DC8-A6CB-00B9E8A312ED}.Debug|Any CPU.Build.0 = Debug|Any CPU
		{4F63E3D8-3E45-4DC8-A6CB-00B9E8A312ED}.Release|Any CPU.ActiveCfg = Release|Any CPU
		{4F63E3D8-3E45-4DC8-A6CB-00B9E8A312ED}.Release|Any CPU.Build.0 = Release|Any CPU
	EndGlobalSection
	GlobalSection(SolutionProperties) = preSolution
		HideSolutionNode = FALSE
	EndGlobalSection
	GlobalSection(ExtensibilityGlobals) = postSolution
		SolutionGuid = {F6FBC403-2B2F-4769-A9AB-EC3F9BF0FCDC}
	EndGlobalSection
EndGlobal
