
Microsoft Visual Studio Solution File, Format Version 12.00
# Visual Studio 15
VisualStudioVersion = 15.0.28307.329
MinimumVisualStudioVersion = 10.0.40219.1
Project("{FAE04EC0-301F-11D3-BF4B-00C04F79EFBC}") = "WindowsFormsApp5", "WindowsFormsApp5\WindowsFormsApp5.csproj", "{EE3BC011-C6ED-4B4A-A877-0ED62B90EA15}"
EndProject
Global
	GlobalSection(SolutionConfigurationPlatforms) = preSolution
		Debug|Any CPU = Debug|Any CPU
		Release|Any CPU = Release|Any CPU
	EndGlobalSection
	GlobalSection(ProjectConfigurationPlatforms) = postSolution
		{EE3BC011-C6ED-4B4A-A877-0ED62B90EA15}.Debug|Any CPU.ActiveCfg = Debug|Any CPU
		{EE3BC011-C6ED-4B4A-A877-0ED62B90EA15}.Debug|Any CPU.Build.0 = Debug|Any CPU
		{EE3BC011-C6ED-4B4A-A877-0ED62B90EA15}.Release|Any CPU.ActiveCfg = Release|Any CPU
		{EE3BC011-C6ED-4B4A-A877-0ED62B90EA15}.Release|Any CPU.Build.0 = Release|Any CPU
	EndGlobalSection
	GlobalSection(SolutionProperties) = preSolution
		HideSolutionNode = FALSE
	EndGlobalSection
	GlobalSection(ExtensibilityGlobals) = postSolution
		SolutionGuid = {3AEEFAE8-FEE6-49C5-8470-4C8304B0C029}
	EndGlobalSection
EndGlobal
